
Microsoft Visual Studio Solution File, Format Version 12.00
# Visual Studio 15
VisualStudioVersion = 15.0.28307.168
MinimumVisualStudioVersion = 10.0.40219.1
Project("{8BC9CEB8-8B4A-11D0-8D11-00A0C91BC942}") = "console_menu_framework_v2", "console_menu_framework_v2\console_menu_framework_v2.vcxproj", "{23902369-A747-4033-B32C-F7C685FD5355}"
EndProject
Global
	GlobalSection(SolutionConfigurationPlatforms) = preSolution
		Debug|x64 = Debug|x64
		Debug|x86 = Debug|x86
		Release|x64 = Release|x64
		Release|x86 = Release|x86
	EndGlobalSection
	GlobalSection(ProjectConfigurationPlatforms) = postSolution
		{23902369-A747-4033-B32C-F7C685FD5355}.Debug|x64.ActiveCfg = Debug|x64
		{23902369-A747-4033-B32C-F7C685FD5355}.Debug|x64.Build.0 = Debug|x64
		{23902369-A747-4033-B32C-F7C685FD5355}.Debug|x86.ActiveCfg = Debug|Win32
		{23902369-A747-4033-B32C-F7C685FD5355}.Debug|x86.Build.0 = Debug|Win32
		{23902369-A747-4033-B32C-F7C685FD5355}.Release|x64.ActiveCfg = Release|x64
		{23902369-A747-4033-B32C-F7C685FD5355}.Release|x64.Build.0 = Release|x64
		{23902369-A747-4033-B32C-F7C685FD5355}.Release|x86.ActiveCfg = Release|Win32
		{23902369-A747-4033-B32C-F7C685FD5355}.Release|x86.Build.0 = Release|Win32
	EndGlobalSection
	GlobalSection(SolutionProperties) = preSolution
		HideSolutionNode = FALSE
	EndGlobalSection
	GlobalSection(ExtensibilityGlobals) = postSolution
		SolutionGuid = {AB71F1B6-3E0C-4520-85C5-FC6E8340A025}
	EndGlobalSection
EndGlobal
